
Microsoft Visual Studio Solution File, Format Version 11.00
# Visual C++ Express 2010
Project("{8BC9CEB8-8B4A-11D0-8D11-00A0C91BC942}") = "Part7-구조체", "Part7-구조체\Part7-구조체.vcxproj", "{FA337B77-2E9E-412B-A25C-F29BCC7CB411}"
EndProject
Global
	GlobalSection(SolutionConfigurationPlatforms) = preSolution
		Debug|Win32 = Debug|Win32
		Release|Win32 = Release|Win32
	EndGlobalSection
	GlobalSection(ProjectConfigurationPlatforms) = postSolution
		{FA337B77-2E9E-412B-A25C-F29BCC7CB411}.Debug|Win32.ActiveCfg = Debug|Win32
		{FA337B77-2E9E-412B-A25C-F29BCC7CB411}.Debug|Win32.Build.0 = Debug|Win32
		{FA337B77-2E9E-412B-A25C-F29BCC7CB411}.Release|Win32.ActiveCfg = Release|Win32
		{FA337B77-2E9E-412B-A25C-F29BCC7CB411}.Release|Win32.Build.0 = Release|Win32
	EndGlobalSection
	GlobalSection(SolutionProperties) = preSolution
		HideSolutionNode = FALSE
	EndGlobalSection
EndGlobal
